
Microsoft Visual Studio Solution File, Format Version 12.00
# Visual Studio 14
VisualStudioVersion = 14.0.24720.0
MinimumVisualStudioVersion = 10.0.40219.1
Project("{FAE04EC0-301F-11D3-BF4B-00C04F79EFBC}") = "01.Permutations", "01.Permutations\01.Permutations.csproj", "{BB60A07A-75C1-42AF-A198-1894E406A45A}"
EndProject
Project("{FAE04EC0-301F-11D3-BF4B-00C04F79EFBC}") = "02.GeneratePermutationsIteratively", "02.GeneratePermutationsIteratively\02.GeneratePermutationsIteratively.csproj", "{ED376FA7-5846-4683-8F87-126B1E1194E9}"
EndProject
Project("{FAE04EC0-301F-11D3-BF4B-00C04F79EFBC}") = "03.GenerateCombinationsIteratively", "03.GenerateCombinationsIteratively\03.GenerateCombinationsIteratively.csproj", "{FC7BAB1F-FF81-49E3-AEBC-5CF221B7A68A}"
EndProject
Project("{FAE04EC0-301F-11D3-BF4B-00C04F79EFBC}") = "04.GenerateSubsetsOfStringArray", "04.GenerateSubsetsOfStringArray\04.GenerateSubsetsOfStringArray.csproj", "{2F4CDDA3-918A-4A3B-8F72-A507985A8F6A}"
EndProject
Project("{FAE04EC0-301F-11D3-BF4B-00C04F79EFBC}") = "05.PermutationsWithRepetition", "05.PermutationsWithRepetition\05.PermutationsWithRepetition.csproj", "{A36BFD8C-E286-40E9-A3FC-1E6210225604}"
EndProject
Project("{FAE04EC0-301F-11D3-BF4B-00C04F79EFBC}") = "06.Snakes", "06.Snakes\06.Snakes.csproj", "{27185A08-CEBB-48E2-A0EF-FB0A8049B151}"
EndProject
Global
	GlobalSection(SolutionConfigurationPlatforms) = preSolution
		Debug|Any CPU = Debug|Any CPU
		Release|Any CPU = Release|Any CPU
	EndGlobalSection
	GlobalSection(ProjectConfigurationPlatforms) = postSolution
		{BB60A07A-75C1-42AF-A198-1894E406A45A}.Debug|Any CPU.ActiveCfg = Debug|Any CPU
		{BB60A07A-75C1-42AF-A198-1894E406A45A}.Debug|Any CPU.Build.0 = Debug|Any CPU
		{BB60A07A-75C1-42AF-A198-1894E406A45A}.Release|Any CPU.ActiveCfg = Release|Any CPU
		{BB60A07A-75C1-42AF-A198-1894E406A45A}.Release|Any CPU.Build.0 = Release|Any CPU
		{ED376FA7-5846-4683-8F87-126B1E1194E9}.Debug|Any CPU.ActiveCfg = Debug|Any CPU
		{ED376FA7-5846-4683-8F87-126B1E1194E9}.Debug|Any CPU.Build.0 = Debug|Any CPU
		{ED376FA7-5846-4683-8F87-126B1E1194E9}.Release|Any CPU.ActiveCfg = Release|Any CPU
		{ED376FA7-5846-4683-8F87-126B1E1194E9}.Release|Any CPU.Build.0 = Release|Any CPU
		{FC7BAB1F-FF81-49E3-AEBC-5CF221B7A68A}.Debug|Any CPU.ActiveCfg = Debug|Any CPU
		{FC7BAB1F-FF81-49E3-AEBC-5CF221B7A68A}.Debug|Any CPU.Build.0 = Debug|Any CPU
		{FC7BAB1F-FF81-49E3-AEBC-5CF221B7A68A}.Release|Any CPU.ActiveCfg = Release|Any CPU
		{FC7BAB1F-FF81-49E3-AEBC-5CF221B7A68A}.Release|Any CPU.Build.0 = Release|Any CPU
		{2F4CDDA3-918A-4A3B-8F72-A507985A8F6A}.Debug|Any CPU.ActiveCfg = Debug|Any CPU
		{2F4CDDA3-918A-4A3B-8F72-A507985A8F6A}.Debug|Any CPU.Build.0 = Debug|Any CPU
		{2F4CDDA3-918A-4A3B-8F72-A507985A8F6A}.Release|Any CPU.ActiveCfg = Release|Any CPU
		{2F4CDDA3-918A-4A3B-8F72-A507985A8F6A}.Release|Any CPU.Build.0 = Release|Any CPU
		{A36BFD8C-E286-40E9-A3FC-1E6210225604}.Debug|Any CPU.ActiveCfg = Debug|Any CPU
		{A36BFD8C-E286-40E9-A3FC-1E6210225604}.Debug|Any CPU.Build.0 = Debug|Any CPU
		{A36BFD8C-E286-40E9-A3FC-1E6210225604}.Release|Any CPU.ActiveCfg = Release|Any CPU
		{A36BFD8C-E286-40E9-A3FC-1E6210225604}.Release|Any CPU.Build.0 = Release|Any CPU
		{27185A08-CEBB-48E2-A0EF-FB0A8049B151}.Debug|Any CPU.ActiveCfg = Debug|Any CPU
		{27185A08-CEBB-48E2-A0EF-FB0A8049B151}.Debug|Any CPU.Build.0 = Debug|Any CPU
		{27185A08-CEBB-48E2-A0EF-FB0A8049B151}.Release|Any CPU.ActiveCfg = Release|Any CPU
		{27185A08-CEBB-48E2-A0EF-FB0A8049B151}.Release|Any CPU.Build.0 = Release|Any CPU
	EndGlobalSection
	GlobalSection(SolutionProperties) = preSolution
		HideSolutionNode = FALSE
	EndGlobalSection
EndGlobal
